
Microsoft Visual Studio Solution File, Format Version 12.00
# Visual Studio Version 16
VisualStudioVersion = 16.0.30002.166
MinimumVisualStudioVersion = 10.0.40219.1
Project("{FAE04EC0-301F-11D3-BF4B-00C04F79EFBC}") = "RMDataManager", "RMDataManager\RMDataManager.csproj", "{94059B02-28D6-4A35-BF9B-FDC932594BB3}"
EndProject
Global
	GlobalSection(SolutionConfigurationPlatforms) = preSolution
		Debug|Any CPU = Debug|Any CPU
		Release|Any CPU = Release|Any CPU
	EndGlobalSection
	GlobalSection(ProjectConfigurationPlatforms) = postSolution
		{94059B02-28D6-4A35-BF9B-FDC932594BB3}.Debug|Any CPU.ActiveCfg = Debug|Any CPU
		{94059B02-28D6-4A35-BF9B-FDC932594BB3}.Debug|Any CPU.Build.0 = Debug|Any CPU
		{94059B02-28D6-4A35-BF9B-FDC932594BB3}.Release|Any CPU.ActiveCfg = Release|Any CPU
		{94059B02-28D6-4A35-BF9B-FDC932594BB3}.Release|Any CPU.Build.0 = Release|Any CPU
	EndGlobalSection
	GlobalSection(SolutionProperties) = preSolution
		HideSolutionNode = FALSE
	EndGlobalSection
	GlobalSection(ExtensibilityGlobals) = postSolution
		SolutionGuid = {7D85E07B-DA93-45ED-A078-44E8270D00E4}
	EndGlobalSection
EndGlobal
